
Microsoft Visual Studio Solution File, Format Version 12.00
# Visual Studio Version 16
VisualStudioVersion = 16.0.30114.105
MinimumVisualStudioVersion = 10.0.40219.1
Project("{9A19103F-16F7-4668-BE54-9A1E7A4F7556}") = "chapter09", "Chapter09\chapter09.csproj", "{B82162CD-9512-40E1-8399-9C0C5F456925}"
EndProject
Project("{9A19103F-16F7-4668-BE54-9A1E7A4F7556}") = "ClassLibrary", "ClassLibrary\ClassLibrary.csproj", "{7DDE0BA5-F0D4-4BF4-B529-575FC6159F4C}"
EndProject
Project("{9A19103F-16F7-4668-BE54-9A1E7A4F7556}") = "RazorClassLibrary", "RazorClassLibrary\RazorClassLibrary.csproj", "{36C0AA0F-4698-49ED-9341-47C68D3D7BD0}"
EndProject
Global
	GlobalSection(SolutionConfigurationPlatforms) = preSolution
		Debug|Any CPU = Debug|Any CPU
		Release|Any CPU = Release|Any CPU
	EndGlobalSection
	GlobalSection(ProjectConfigurationPlatforms) = postSolution
		{B82162CD-9512-40E1-8399-9C0C5F456925}.Debug|Any CPU.ActiveCfg = Debug|Any CPU
		{B82162CD-9512-40E1-8399-9C0C5F456925}.Debug|Any CPU.Build.0 = Debug|Any CPU
		{B82162CD-9512-40E1-8399-9C0C5F456925}.Release|Any CPU.ActiveCfg = Release|Any CPU
		{B82162CD-9512-40E1-8399-9C0C5F456925}.Release|Any CPU.Build.0 = Release|Any CPU
		{7DDE0BA5-F0D4-4BF4-B529-575FC6159F4C}.Debug|Any CPU.ActiveCfg = Debug|Any CPU
		{7DDE0BA5-F0D4-4BF4-B529-575FC6159F4C}.Debug|Any CPU.Build.0 = Debug|Any CPU
		{7DDE0BA5-F0D4-4BF4-B529-575FC6159F4C}.Release|Any CPU.ActiveCfg = Release|Any CPU
		{7DDE0BA5-F0D4-4BF4-B529-575FC6159F4C}.Release|Any CPU.Build.0 = Release|Any CPU
		{36C0AA0F-4698-49ED-9341-47C68D3D7BD0}.Debug|Any CPU.ActiveCfg = Debug|Any CPU
		{36C0AA0F-4698-49ED-9341-47C68D3D7BD0}.Debug|Any CPU.Build.0 = Debug|Any CPU
		{36C0AA0F-4698-49ED-9341-47C68D3D7BD0}.Release|Any CPU.ActiveCfg = Release|Any CPU
		{36C0AA0F-4698-49ED-9341-47C68D3D7BD0}.Release|Any CPU.Build.0 = Release|Any CPU
	EndGlobalSection
	GlobalSection(SolutionProperties) = preSolution
		HideSolutionNode = FALSE
	EndGlobalSection
	GlobalSection(ExtensibilityGlobals) = postSolution
		SolutionGuid = {B51FC4D8-EDD6-40A6-998A-9F792B794681}
	EndGlobalSection
EndGlobal
